// !$*UTF8*$!
{
	archiveVersion = 1;
	classes = {
	};
	objectVersion = 50;
	objects = {

/* Begin PBXBuildFile section */
		B3350C05245161D300CC2A03 /* SoundViewController.swift in Sources */ = {isa = PBXBuildFile; fileRef = B3350C04245161D300CC2A03 /* SoundViewController.swift */; };
		B3943CAF2452ADA900811C8A /* SoundInfo.swift in Sources */ = {isa = PBXBuildFile; fileRef = B3943CAE2452ADA900811C8A /* SoundInfo.swift */; };
		B3943CB12452B09200811C8A /* Sounds.swift in Sources */ = {isa = PBXBuildFile; fileRef = B3943CB02452B09200811C8A /* Sounds.swift */; };
		B3D360142450F9A6002A93B5 /* AppDelegate.swift in Sources */ = {isa = PBXBuildFile; fileRef = B3D360132450F9A6002A93B5 /* AppDelegate.swift */; };
		B3D360162450F9A6002A93B5 /* SceneDelegate.swift in Sources */ = {isa = PBXBuildFile; fileRef = B3D360152450F9A6002A93B5 /* SceneDelegate.swift */; };
		B3D360182450F9A6002A93B5 /* ViewController.swift in Sources */ = {isa = PBXBuildFile; fileRef = B3D360172450F9A6002A93B5 /* ViewController.swift */; };
		B3D3601B2450F9A6002A93B5 /* Main.storyboard in Resources */ = {isa = PBXBuildFile; fileRef = B3D360192450F9A6002A93B5 /* Main.storyboard */; };
		B3D3601D2450F9A7002A93B5 /* Assets.xcassets in Resources */ = {isa = PBXBuildFile; fileRef = B3D3601C2450F9A7002A93B5 /* Assets.xcassets */; };
		B3D360202450F9A7002A93B5 /* LaunchScreen.storyboard in Resources */ = {isa = PBXBuildFile; fileRef = B3D3601E2450F9A7002A93B5 /* LaunchScreen.storyboard */; };
/* End PBXBuildFile section */

/* Begin PBXFileReference section */
		B3350C04245161D300CC2A03 /* SoundViewController.swift */ = {isa = PBXFileReference; lastKnownFileType = sourcecode.swift; path = SoundViewController.swift; sourceTree = "<group>"; };
		B3943CAE2452ADA900811C8A /* SoundInfo.swift */ = {isa = PBXFileReference; lastKnownFileType = sourcecode.swift; path = SoundInfo.swift; sourceTree = "<group>"; };
		B3943CB02452B09200811C8A /* Sounds.swift */ = {isa = PBXFileReference; lastKnownFileType = sourcecode.swift; path = Sounds.swift; sourceTree = "<group>"; };
		B3D360102450F9A6002A93B5 /* ChilLax.app */ = {isa = PBXFileReference; explicitFileType = wrapper.application; includeInIndex = 0; path = ChilLax.app; sourceTree = BUILT_PRODUCTS_DIR; };
		B3D360132450F9A6002A93B5 /* AppDelegate.swift */ = {isa = PBXFileReference; lastKnownFileType = sourcecode.swift; path = AppDelegate.swift; sourceTree = "<group>"; };
		B3D360152450F9A6002A93B5 /* SceneDelegate.swift */ = {isa = PBXFileReference; lastKnownFileType = sourcecode.swift; path = SceneDelegate.swift; sourceTree = "<group>"; };
		B3D360172450F9A6002A93B5 /* ViewController.swift */ = {isa = PBXFileReference; lastKnownFileType = sourcecode.swift; path = ViewController.swift; sourceTree = "<group>"; };
		B3D3601A2450F9A6002A93B5 /* Base */ = {isa = PBXFileReference; lastKnownFileType = file.storyboard; name = Base; path = Base.lproj/Main.storyboard; sourceTree = "<group>"; };
		B3D3601C2450F9A7002A93B5 /* Assets.xcassets */ = {isa = PBXFileReference; lastKnownFileType = folder.assetcatalog; path = Assets.xcassets; sourceTree = "<group>"; };
		B3D3601F2450F9A7002A93B5 /* Base */ = {isa = PBXFileReference; lastKnownFileType = file.storyboard; name = Base; path = Base.lproj/LaunchScreen.storyboard; sourceTree = "<group>"; };
		B3D360212450F9A7002A93B5 /* Info.plist */ = {isa = PBXFileReference; lastKnownFileType = text.plist.xml; path = Info.plist; sourceTree = "<group>"; };
/* End PBXFileReference section */

/* Begin PBXFrameworksBuildPhase section */
		B3D3600D2450F9A6002A93B5 /* Frameworks */ = {
			isa = PBXFrameworksBuildPhase;
			buildActionMask = 2147483647;
			files = (
			);
			runOnlyForDeploymentPostprocessing = 0;
		};
/* End PBXFrameworksBuildPhase section */

/* Begin PBXGroup section */
		B3D360072450F9A6002A93B5 = {
			isa = PBXGroup;
			children = (
				B3D360122450F9A6002A93B5 /* ChilLax */,
				B3D360112450F9A6002A93B5 /* Products */,
			);
			sourceTree = "<group>";
		};
		B3D360112450F9A6002A93B5 /* Products */ = {
			isa = PBXGroup;
			children = (
				B3D360102450F9A6002A93B5 /* ChilLax.app */,
			);
			name = Products;
			sourceTree = "<group>";
		};
		B3D360122450F9A6002A93B5 /* ChilLax */ = {
			isa = PBXGroup;
			children = (
				B3D360132450F9A6002A93B5 /* AppDelegate.swift */,
				B3D360152450F9A6002A93B5 /* SceneDelegate.swift */,
				B3943CAE2452ADA900811C8A /* SoundInfo.swift */,
				B3943CB02452B09200811C8A /* Sounds.swift */,
				B3D360172450F9A6002A93B5 /* ViewController.swift */,
				B3350C04245161D300CC2A03 /* SoundViewController.swift */,
				B3D360192450F9A6002A93B5 /* Main.storyboard */,
				B3D3601C2450F9A7002A93B5 /* Assets.xcassets */,
				B3D3601E2450F9A7002A93B5 /* LaunchScreen.storyboard */,
				B3D360212450F9A7002A93B5 /* Info.plist */,
			);
			path = ChilLax;
			sourceTree = "<group>";
		};
/* End PBXGroup section */

/* Begin PBXNativeTarget section */
		B3D3600F2450F9A6002A93B5 /* ChilLax */ = {
			isa = PBXNativeTarget;
			buildConfigurationList = B3D360242450F9A7002A93B5 /* Build configuration list for PBXNativeTarget "ChilLax" */;
			buildPhases = (
				B3D3600C2450F9A6002A93B5 /* Sources */,
				B3D3600D2450F9A6002A93B5 /* Frameworks */,
				B3D3600E2450F9A6002A93B5 /* Resources */,
			);
			buildRules = (
			);
			dependencies = (
			);
			name = ChilLax;
			productName = ChilLax;
			productReference = B3D360102450F9A6002A93B5 /* ChilLax.app */;
			productType = "com.apple.product-type.application";
		};
/* End PBXNativeTarget section */

/* Begin PBXProject section */
		B3D360082450F9A6002A93B5 /* Project object */ = {
			isa = PBXProject;
			attributes = {
				LastSwiftUpdateCheck = 1140;
				LastUpgradeCheck = 1140;
				ORGANIZATIONNAME = "Kelvin Cheng";
				TargetAttributes = {
					B3D3600F2450F9A6002A93B5 = {
						CreatedOnToolsVersion = 11.4;
					};
				};
			};
			buildConfigurationList = B3D3600B2450F9A6002A93B5 /* Build configuration list for PBXProject "ChilLax" */;
			compatibilityVersion = "Xcode 9.3";
			developmentRegion = en;
			hasScannedForEncodings = 0;
			knownRegions = (
				en,
				Base,
			);
			mainGroup = B3D360072450F9A6002A93B5;
			productRefGroup = B3D360112450F9A6002A93B5 /* Products */;
			projectDirPath = "";
			projectRoot = "";
			targets = (
				B3D3600F2450F9A6002A93B5 /* ChilLax */,
			);
		};
/* End PBXProject section */

/* Begin PBXResourcesBuildPhase section */
		B3D3600E2450F9A6002A93B5 /* Resources */ = {
			isa = PBXResourcesBuildPhase;
			buildActionMask = 2147483647;
			files = (
				B3D360202450F9A7002A93B5 /* LaunchScreen.storyboard in Resources */,
				B3D3601D2450F9A7002A93B5 /* Assets.xcassets in Resources */,
				B3D3601B2450F9A6002A93B5 /* Main.storyboard in Resources */,
			);
			runOnlyForDeploymentPostprocessing = 0;
		};
/* End PBXResourcesBuildPhase section */

/* Begin PBXSourcesBuildPhase section */
		B3D3600C2450F9A6002A93B5 /* Sources */ = {
			isa = PBXSourcesBuildPhase;
			buildActionMask = 2147483647;
			files = (
				B3943CAF2452ADA900811C8A /* SoundInfo.swift in Sources */,
				B3350C05245161D300CC2A03 /* SoundViewController.swift in Sources */,
				B3D360182450F9A6002A93B5 /* ViewController.swift in Sources */,
				B3943CB12452B09200811C8A /* Sounds.swift in Sources */,
				B3D360142450F9A6002A93B5 /* AppDelegate.swift in Sources */,
				B3D360162450F9A6002A93B5 /* SceneDelegate.swift in Sources */,
			);
			runOnlyForDeploymentPostprocessing = 0;
		};
/* End PBXSourcesBuildPhase section */

/* Begin PBXVariantGroup section */
		B3D360192450F9A6002A93B5 /* Main.storyboard */ = {
			isa = PBXVariantGroup;
			children = (
				B3D3601A2450F9A6002A93B5 /* Base */,
			);
			name = Main.storyboard;
			sourceTree = "<group>";
		};
		B3D3601E2450F9A7002A93B5 /* LaunchScreen.storyboard */ = {
			isa = PBXVariantGroup;
			children = (
				B3D3601F2450F9A7002A93B5 /* Base */,
			);
			name = LaunchScreen.storyboard;
			sourceTree = "<group>";
		};
/* End PBXVariantGroup section */

/* Begin XCBuildConfiguration section */
		B3D360222450F9A7002A93B5 /* Debug */ = {
			isa = XCBuildConfiguration;
			buildSettings = {
				ALWAYS_SEARCH_USER_PATHS = NO;
				CLANG_ANALYZER_NONNULL = YES;
				CLANG_ANALYZER_NUMBER_OBJECT_CONVERSION = YES_AGGRESSIVE;
				CLANG_CXX_LANGUAGE_STANDARD = "gnu++14";
				CLANG_CXX_LIBRARY = "libc++";
				CLANG_ENABLE_MODULES = YES;
				CLANG_ENABLE_OBJC_ARC = YES;
				CLANG_ENABLE_OBJC_WEAK = YES;
				CLANG_WARN_BLOCK_CAPTURE_AUTORELEASING = YES;
				CLANG_WARN_BOOL_CONVERSION = YES;
				CLANG_WARN_COMMA = YES;
				CLANG_WARN_CONSTANT_CONVERSION = YES;
				CLANG_WARN_DEPRECATED_OBJC_IMPLEMENTATIONS = YES;
				CLANG_WARN_DIRECT_OBJC_ISA_USAGE = YES_ERROR;
				CLANG_WARN_DOCUMENTATION_COMMENTS = YES;
				CLANG_WARN_EMPTY_BODY = YES;
				CLANG_WARN_ENUM_CONVERSION = YES;
				CLANG_WARN_INFINITE_RECURSION = YES;
				CLANG_WARN_INT_CONVERSION = YES;
				CLANG_WARN_NON_LITERAL_NULL_CONVERSION = YES;
				CLANG_WARN_OBJC_IMPLICIT_RETAIN_SELF = YES;
				CLANG_WARN_OBJC_LITERAL_CONVERSION = YES;
				CLANG_WARN_OBJC_ROOT_CLASS = YES_ERROR;
				CLANG_WARN_RANGE_LOOP_ANALYSIS = YES;
				CLANG_WARN_STRICT_PROTOTYPES = YES;
				CLANG_WARN_SUSPICIOUS_MOVE = YES;
				CLANG_WARN_UNGUARDED_AVAILABILITY = YES_AGGRESSIVE;
				CLANG_WARN_UNREACHABLE_CODE = YES;
				CLANG_WARN__DUPLICATE_METHOD_MATCH = YES;
				COPY_PHASE_STRIP = NO;
				DEBUG_INFORMATION_FORMAT = dwarf;
				ENABLE_STRICT_OBJC_MSGSEND = YES;
				ENABLE_TESTABILITY = YES;
				GCC_C_LANGUAGE_STANDARD = gnu11;
				GCC_DYNAMIC_NO_PIC = NO;
				GCC_NO_COMMON_BLOCKS = YES;
				GCC_OPTIMIZATION_LEVEL = 0;
				GCC_PREPROCESSOR_DEFINITIONS = (
					"DEBUG=1",
					"$(inherited)",
				);
				GCC_WARN_64_TO_32_BIT_CONVERSION = YES;
				GCC_WARN_ABOUT_RETURN_TYPE = YES_ERROR;
				GCC_WARN_UNDECLARED_SELECTOR = YES;
				GCC_WARN_UNINITIALIZED_AUTOS = YES_AGGRESSIVE;
				GCC_WARN_UNUSED_FUNCTION = YES;
				GCC_WARN_UNUSED_VARIABLE = YES;
				IPHONEOS_DEPLOYMENT_TARGET = 13.4;
				MTL_ENABLE_DEBUG_INFO = INCLUDE_SOURCE;
				MTL_FAST_MATH = YES;
				ONLY_ACTIVE_ARCH = YES;
				SDKROOT = iphoneos;
				SWIFT_ACTIVE_COMPILATION_CONDITIONS = DEBUG;
				SWIFT_OPTIMIZATION_LEVEL = "-Onone";
			};
			name = Debug;
		};
		B3D360232450F9A7002A93B5 /* Release */ = {
			isa = XCBuildConfiguration;
			buildSettings = {
				ALWAYS_SEARCH_USER_PATHS = NO;
				CLANG_ANALYZER_NONNULL = YES;
				CLANG_ANALYZER_NUMBER_OBJECT_CONVERSION = YES_AGGRESSIVE;
				CLANG_CXX_LANGUAGE_STANDARD = "gnu++14";
				CLANG_CXX_LIBRARY = "libc++";
				CLANG_ENABLE_MODULES = YES;
				CLANG_ENABLE_OBJC_ARC = YES;
				CLANG_ENABLE_OBJC_WEAK = YES;
				CLANG_WARN_BLOCK_CAPTURE_AUTORELEASING = YES;
				CLANG_WARN_BOOL_CONVERSION = YES;
				CLANG_WARN_COMMA = YES;
				CLANG_WARN_CONSTANT_CONVERSION = YES;
				CLANG_WARN_DEPRECATED_OBJC_IMPLEMENTATIONS = YES;
				CLANG_WARN_DIRECT_OBJC_ISA_USAGE = YES_ERROR;
				CLANG_WARN_DOCUMENTATION_COMMENTS = YES;
				CLANG_WARN_EMPTY_BODY = YES;
				CLANG_WARN_ENUM_CONVERSION = YES;
				CLANG_WARN_INFINITE_RECURSION = YES;
				CLANG_WARN_INT_CONVERSION = YES;
				CLANG_WARN_NON_LITERAL_NULL_CONVERSION = YES;
				CLANG_WARN_OBJC_IMPLICIT_RETAIN_SELF = YES;
				CLANG_WARN_OBJC_LITERAL_CONVERSION = YES;
				CLANG_WARN_OBJC_ROOT_CLASS = YES_ERROR;
				CLANG_WARN_RANGE_LOOP_ANALYSIS = YES;
				CLANG_WARN_STRICT_PROTOTYPES = YES;
				CLANG_WARN_SUSPICIOUS_MOVE = YES;
				CLANG_WARN_UNGUARDED_AVAILABILITY = YES_AGGRESSIVE;
				CLANG_WARN_UNREACHABLE_CODE = YES;
				CLANG_WARN__DUPLICATE_METHOD_MATCH = YES;
				COPY_PHASE_STRIP = NO;
				DEBUG_INFORMATION_FORMAT = "dwarf-with-dsym";
				ENABLE_NS_ASSERTIONS = NO;
				ENABLE_STRICT_OBJC_MSGSEND = YES;
				GCC_C_LANGUAGE_STANDARD = gnu11;
				GCC_NO_COMMON_BLOCKS = YES;
				GCC_WARN_64_TO_32_BIT_CONVERSION = YES;
				GCC_WARN_ABOUT_RETURN_TYPE = YES_ERROR;
				GCC_WARN_UNDECLARED_SELECTOR = YES;
				GCC_WARN_UNINITIALIZED_AUTOS = YES_AGGRESSIVE;
				GCC_WARN_UNUSED_FUNCTION = YES;
				GCC_WARN_UNUSED_VARIABLE = YES;
				IPHONEOS_DEPLOYMENT_TARGET = 13.4;
				MTL_ENABLE_DEBUG_INFO = NO;
				MTL_FAST_MATH = YES;
				SDKROOT = iphoneos;
				SWIFT_COMPILATION_MODE = wholemodule;
				SWIFT_OPTIMIZATION_LEVEL = "-O";
				VALIDATE_PRODUCT = YES;
			};
			name = Release;
		};
		B3D360252450F9A7002A93B5 /* Debug */ = {
			isa = XCBuildConfiguration;
			buildSettings = {
				ASSETCATALOG_COMPILER_APPICON_NAME = AppIcon;
				CODE_SIGN_STYLE = Automatic;
				INFOPLIST_FILE = ChilLax/Info.plist;
				LD_RUNPATH_SEARCH_PATHS = (
					"$(inherited)",
					"@executable_path/Frameworks",
				);
				PRODUCT_BUNDLE_IDENTIFIER = com.kelvincheng.ChilLax;
				PRODUCT_NAME = "$(TARGET_NAME)";
				SWIFT_VERSION = 5.0;
				TARGETED_DEVICE_FAMILY = "1,2";
			};
			name = Debug;
		};
		B3D360262450F9A7002A93B5 /* Release */ = {
			isa = XCBuildConfiguration;
			buildSettings = {
				ASSETCATALOG_COMPILER_APPICON_NAME = AppIcon;
				CODE_SIGN_STYLE = Automatic;
				INFOPLIST_FILE = ChilLax/Info.plist;
				LD_RUNPATH_SEARCH_PATHS = (
					"$(inherited)",
					"@executable_path/Frameworks",
				);
				PRODUCT_BUNDLE_IDENTIFIER = com.kelvincheng.ChilLax;
				PRODUCT_NAME = "$(TARGET_NAME)";
				SWIFT_VERSION = 5.0;
				TARGETED_DEVICE_FAMILY = "1,2";
			};
			name = Release;
		};
/* End XCBuildConfiguration section */

/* Begin XCConfigurationList section */
		B3D3600B2450F9A6002A93B5 /* Build configuration list for PBXProject "ChilLax" */ = {
			isa = XCConfigurationList;
			buildConfigurations = (
				B3D360222450F9A7002A93B5 /* Debug */,
				B3D360232450F9A7002A93B5 /* Release */,
			);
			defaultConfigurationIsVisible = 0;
			defaultConfigurationName = Release;
		};
		B3D360242450F9A7002A93B5 /* Build configuration list for PBXNativeTarget "ChilLax" */ = {
			isa = XCConfigurationList;
			buildConfigurations = (
				B3D360252450F9A7002A93B5 /* Debug */,
				B3D360262450F9A7002A93B5 /* Release */,
			);
			defaultConfigurationIsVisible = 0;
			defaultConfigurationName = Release;
		};
/* End XCConfigurationList section */
	};
	rootObject = B3D360082450F9A6002A93B5 /* Project object */;
}
